
Microsoft Visual Studio Solution File, Format Version 12.00
# Visual Studio Version 16
VisualStudioVersion = 16.0.31129.286
MinimumVisualStudioVersion = 10.0.40219.1
Project("{FAE04EC0-301F-11D3-BF4B-00C04F79EFBC}") = "GitVSDemo", "GitVSDemo\GitVSDemo.csproj", "{DE6A3BC7-A52D-4223-BF7F-0EC757264453}"
EndProject
Global
	GlobalSection(SolutionConfigurationPlatforms) = preSolution
		Debug|Any CPU = Debug|Any CPU
		Release|Any CPU = Release|Any CPU
	EndGlobalSection
	GlobalSection(ProjectConfigurationPlatforms) = postSolution
		{DE6A3BC7-A52D-4223-BF7F-0EC757264453}.Debug|Any CPU.ActiveCfg = Debug|Any CPU
		{DE6A3BC7-A52D-4223-BF7F-0EC757264453}.Debug|Any CPU.Build.0 = Debug|Any CPU
		{DE6A3BC7-A52D-4223-BF7F-0EC757264453}.Release|Any CPU.ActiveCfg = Release|Any CPU
		{DE6A3BC7-A52D-4223-BF7F-0EC757264453}.Release|Any CPU.Build.0 = Release|Any CPU
	EndGlobalSection
	GlobalSection(SolutionProperties) = preSolution
		HideSolutionNode = FALSE
	EndGlobalSection
	GlobalSection(ExtensibilityGlobals) = postSolution
		SolutionGuid = {AE478291-D079-4483-B919-55D7665B4629}
	EndGlobalSection
EndGlobal
